// !$*UTF8*$!
{
	archiveVersion = 1;
	classes = {
	};
	objectVersion = 46;
	objects = {

/* Begin PBXBuildFile section */
		741511811C4DC23D001218FA /* AppDelegate.swift in Sources */ = {isa = PBXBuildFile; fileRef = 741511801C4DC23D001218FA /* AppDelegate.swift */; };
		741511861C4DC23D001218FA /* Main.storyboard in Resources */ = {isa = PBXBuildFile; fileRef = 741511841C4DC23D001218FA /* Main.storyboard */; };
		741511881C4DC23D001218FA /* Assets.xcassets in Resources */ = {isa = PBXBuildFile; fileRef = 741511871C4DC23D001218FA /* Assets.xcassets */; };
		7415118B1C4DC23D001218FA /* LaunchScreen.storyboard in Resources */ = {isa = PBXBuildFile; fileRef = 741511891C4DC23D001218FA /* LaunchScreen.storyboard */; };
		741511931C4DC803001218FA /* MoviesViewController.swift in Sources */ = {isa = PBXBuildFile; fileRef = 741511921C4DC803001218FA /* MoviesViewController.swift */; };
		741511961C4DF098001218FA /* MovieCell.swift in Sources */ = {isa = PBXBuildFile; fileRef = 741511951C4DF098001218FA /* MovieCell.swift */; };
/* End PBXBuildFile section */

/* Begin PBXFileReference section */
		7415117D1C4DC23D001218FA /* flicks.app */ = {isa = PBXFileReference; explicitFileType = wrapper.application; includeInIndex = 0; path = flicks.app; sourceTree = BUILT_PRODUCTS_DIR; };
		741511801C4DC23D001218FA /* AppDelegate.swift */ = {isa = PBXFileReference; lastKnownFileType = sourcecode.swift; path = AppDelegate.swift; sourceTree = "<group>"; };
		741511851C4DC23D001218FA /* Base */ = {isa = PBXFileReference; lastKnownFileType = file.storyboard; name = Base; path = Base.lproj/Main.storyboard; sourceTree = "<group>"; };
		741511871C4DC23D001218FA /* Assets.xcassets */ = {isa = PBXFileReference; lastKnownFileType = folder.assetcatalog; path = Assets.xcassets; sourceTree = "<group>"; };
		7415118A1C4DC23D001218FA /* Base */ = {isa = PBXFileReference; lastKnownFileType = file.storyboard; name = Base; path = Base.lproj/LaunchScreen.storyboard; sourceTree = "<group>"; };
		7415118C1C4DC23D001218FA /* Info.plist */ = {isa = PBXFileReference; lastKnownFileType = text.plist.xml; path = Info.plist; sourceTree = "<group>"; };
		741511921C4DC803001218FA /* MoviesViewController.swift */ = {isa = PBXFileReference; fileEncoding = 4; lastKnownFileType = sourcecode.swift; path = MoviesViewController.swift; sourceTree = "<group>"; };
		741511951C4DF098001218FA /* MovieCell.swift */ = {isa = PBXFileReference; fileEncoding = 4; lastKnownFileType = sourcecode.swift; path = MovieCell.swift; sourceTree = "<group>"; };
/* End PBXFileReference section */

/* Begin PBXFrameworksBuildPhase section */
		7415117A1C4DC23C001218FA /* Frameworks */ = {
			isa = PBXFrameworksBuildPhase;
			buildActionMask = 2147483647;
			files = (
			);
			runOnlyForDeploymentPostprocessing = 0;
		};
/* End PBXFrameworksBuildPhase section */

/* Begin PBXGroup section */
		741511741C4DC23C001218FA = {
			isa = PBXGroup;
			children = (
				7415117F1C4DC23D001218FA /* flicks */,
				7415117E1C4DC23D001218FA /* Products */,
			);
			sourceTree = "<group>";
		};
		7415117E1C4DC23D001218FA /* Products */ = {
			isa = PBXGroup;
			children = (
				7415117D1C4DC23D001218FA /* flicks.app */,
			);
			name = Products;
			sourceTree = "<group>";
		};
		7415117F1C4DC23D001218FA /* flicks */ = {
			isa = PBXGroup;
			children = (
				741511971C4DF0C6001218FA /* view Controllers */,
				741511921C4DC803001218FA /* MoviesViewController.swift */,
				741511941C4DEFC2001218FA /* Views */,
				741511801C4DC23D001218FA /* AppDelegate.swift */,
				741511841C4DC23D001218FA /* Main.storyboard */,
				741511871C4DC23D001218FA /* Assets.xcassets */,
				741511891C4DC23D001218FA /* LaunchScreen.storyboard */,
				7415118C1C4DC23D001218FA /* Info.plist */,
			);
			path = flicks;
			sourceTree = "<group>";
		};
		741511941C4DEFC2001218FA /* Views */ = {
			isa = PBXGroup;
			children = (
				741511951C4DF098001218FA /* MovieCell.swift */,
			);
			name = Views;
			sourceTree = "<group>";
		};
		741511971C4DF0C6001218FA /* view Controllers */ = {
			isa = PBXGroup;
			children = (
			);
			name = "view Controllers";
			sourceTree = "<group>";
		};
/* End PBXGroup section */

/* Begin PBXNativeTarget section */
		7415117C1C4DC23C001218FA /* flicks */ = {
			isa = PBXNativeTarget;
			buildConfigurationList = 7415118F1C4DC23D001218FA /* Build configuration list for PBXNativeTarget "flicks" */;
			buildPhases = (
				741511791C4DC23C001218FA /* Sources */,
				7415117A1C4DC23C001218FA /* Frameworks */,
				7415117B1C4DC23C001218FA /* Resources */,
			);
			buildRules = (
			);
			dependencies = (
			);
			name = flicks;
			productName = flicks;
			productReference = 7415117D1C4DC23D001218FA /* flicks.app */;
			productType = "com.apple.product-type.application";
		};
/* End PBXNativeTarget section */

/* Begin PBXProject section */
		741511751C4DC23C001218FA /* Project object */ = {
			isa = PBXProject;
			attributes = {
				LastSwiftUpdateCheck = 0720;
				LastUpgradeCheck = 0720;
				ORGANIZATIONNAME = "Esme Romero";
				TargetAttributes = {
					7415117C1C4DC23C001218FA = {
						CreatedOnToolsVersion = 7.2;
						DevelopmentTeam = 5427GGX9N9;
					};
				};
			};
			buildConfigurationList = 741511781C4DC23C001218FA /* Build configuration list for PBXProject "flicks" */;
			compatibilityVersion = "Xcode 3.2";
			developmentRegion = English;
			hasScannedForEncodings = 0;
			knownRegions = (
				en,
				Base,
			);
			mainGroup = 741511741C4DC23C001218FA;
			productRefGroup = 7415117E1C4DC23D001218FA /* Products */;
			projectDirPath = "";
			projectRoot = "";
			targets = (
				7415117C1C4DC23C001218FA /* flicks */,
			);
		};
/* End PBXProject section */

/* Begin PBXResourcesBuildPhase section */
		7415117B1C4DC23C001218FA /* Resources */ = {
			isa = PBXResourcesBuildPhase;
			buildActionMask = 2147483647;
			files = (
				7415118B1C4DC23D001218FA /* LaunchScreen.storyboard in Resources */,
				741511881C4DC23D001218FA /* Assets.xcassets in Resources */,
				741511861C4DC23D001218FA /* Main.storyboard in Resources */,
			);
			runOnlyForDeploymentPostprocessing = 0;
		};
/* End PBXResourcesBuildPhase section */

/* Begin PBXSourcesBuildPhase section */
		741511791C4DC23C001218FA /* Sources */ = {
			isa = PBXSourcesBuildPhase;
			buildActionMask = 2147483647;
			files = (
				741511811C4DC23D001218FA /* AppDelegate.swift in Sources */,
				741511931C4DC803001218FA /* MoviesViewController.swift in Sources */,
				741511961C4DF098001218FA /* MovieCell.swift in Sources */,
			);
			runOnlyForDeploymentPostprocessing = 0;
		};
/* End PBXSourcesBuildPhase section */

/* Begin PBXVariantGroup section */
		741511841C4DC23D001218FA /* Main.storyboard */ = {
			isa = PBXVariantGroup;
			children = (
				741511851C4DC23D001218FA /* Base */,
			);
			name = Main.storyboard;
			sourceTree = "<group>";
		};
		741511891C4DC23D001218FA /* LaunchScreen.storyboard */ = {
			isa = PBXVariantGroup;
			children = (
				7415118A1C4DC23D001218FA /* Base */,
			);
			name = LaunchScreen.storyboard;
			sourceTree = "<group>";
		};
/* End PBXVariantGroup section */

/* Begin XCBuildConfiguration section */
		7415118D1C4DC23D001218FA /* Debug */ = {
			isa = XCBuildConfiguration;
			buildSettings = {
				ALWAYS_SEARCH_USER_PATHS = NO;
				CLANG_CXX_LANGUAGE_STANDARD = "gnu++0x";
				CLANG_CXX_LIBRARY = "libc++";
				CLANG_ENABLE_MODULES = YES;
				CLANG_ENABLE_OBJC_ARC = YES;
				CLANG_WARN_BOOL_CONVERSION = YES;
				CLANG_WARN_CONSTANT_CONVERSION = YES;
				CLANG_WARN_DIRECT_OBJC_ISA_USAGE = YES_ERROR;
				CLANG_WARN_EMPTY_BODY = YES;
				CLANG_WARN_ENUM_CONVERSION = YES;
				CLANG_WARN_INT_CONVERSION = YES;
				CLANG_WARN_OBJC_ROOT_CLASS = YES_ERROR;
				CLANG_WARN_UNREACHABLE_CODE = YES;
				CLANG_WARN__DUPLICATE_METHOD_MATCH = YES;
				"CODE_SIGN_IDENTITY[sdk=iphoneos*]" = "iPhone Developer";
				COPY_PHASE_STRIP = NO;
				DEBUG_INFORMATION_FORMAT = dwarf;
				ENABLE_STRICT_OBJC_MSGSEND = YES;
				ENABLE_TESTABILITY = YES;
				GCC_C_LANGUAGE_STANDARD = gnu99;
				GCC_DYNAMIC_NO_PIC = NO;
				GCC_NO_COMMON_BLOCKS = YES;
				GCC_OPTIMIZATION_LEVEL = 0;
				GCC_PREPROCESSOR_DEFINITIONS = (
					"DEBUG=1",
					"$(inherited)",
				);
				GCC_WARN_64_TO_32_BIT_CONVERSION = YES;
				GCC_WARN_ABOUT_RETURN_TYPE = YES_ERROR;
				GCC_WARN_UNDECLARED_SELECTOR = YES;
				GCC_WARN_UNINITIALIZED_AUTOS = YES_AGGRESSIVE;
				GCC_WARN_UNUSED_FUNCTION = YES;
				GCC_WARN_UNUSED_VARIABLE = YES;
				IPHONEOS_DEPLOYMENT_TARGET = 9.2;
				MTL_ENABLE_DEBUG_INFO = YES;
				ONLY_ACTIVE_ARCH = YES;
				SDKROOT = iphoneos;
				SWIFT_OPTIMIZATION_LEVEL = "-Onone";
				TARGETED_DEVICE_FAMILY = "1,2";
			};
			name = Debug;
		};
		7415118E1C4DC23D001218FA /* Release */ = {
			isa = XCBuildConfiguration;
			buildSettings = {
				ALWAYS_SEARCH_USER_PATHS = NO;
				CLANG_CXX_LANGUAGE_STANDARD = "gnu++0x";
				CLANG_CXX_LIBRARY = "libc++";
				CLANG_ENABLE_MODULES = YES;
				CLANG_ENABLE_OBJC_ARC = YES;
				CLANG_WARN_BOOL_CONVERSION = YES;
				CLANG_WARN_CONSTANT_CONVERSION = YES;
				CLANG_WARN_DIRECT_OBJC_ISA_USAGE = YES_ERROR;
				CLANG_WARN_EMPTY_BODY = YES;
				CLANG_WARN_ENUM_CONVERSION = YES;
				CLANG_WARN_INT_CONVERSION = YES;
				CLANG_WARN_OBJC_ROOT_CLASS = YES_ERROR;
				CLANG_WARN_UNREACHABLE_CODE = YES;
				CLANG_WARN__DUPLICATE_METHOD_MATCH = YES;
				"CODE_SIGN_IDENTITY[sdk=iphoneos*]" = "iPhone Developer";
				COPY_PHASE_STRIP = NO;
				DEBUG_INFORMATION_FORMAT = "dwarf-with-dsym";
				ENABLE_NS_ASSERTIONS = NO;
				ENABLE_STRICT_OBJC_MSGSEND = YES;
				GCC_C_LANGUAGE_STANDARD = gnu99;
				GCC_NO_COMMON_BLOCKS = YES;
				GCC_WARN_64_TO_32_BIT_CONVERSION = YES;
				GCC_WARN_ABOUT_RETURN_TYPE = YES_ERROR;
				GCC_WARN_UNDECLARED_SELECTOR = YES;
				GCC_WARN_UNINITIALIZED_AUTOS = YES_AGGRESSIVE;
				GCC_WARN_UNUSED_FUNCTION = YES;
				GCC_WARN_UNUSED_VARIABLE = YES;
				IPHONEOS_DEPLOYMENT_TARGET = 9.2;
				MTL_ENABLE_DEBUG_INFO = NO;
				SDKROOT = iphoneos;
				TARGETED_DEVICE_FAMILY = "1,2";
				VALIDATE_PRODUCT = YES;
			};
			name = Release;
		};
		741511901C4DC23D001218FA /* Debug */ = {
			isa = XCBuildConfiguration;
			buildSettings = {
				ASSETCATALOG_COMPILER_APPICON_NAME = AppIcon;
				CODE_SIGN_IDENTITY = "iPhone Developer";
				"CODE_SIGN_IDENTITY[sdk=iphoneos*]" = "iPhone Developer";
				INFOPLIST_FILE = flicks/Info.plist;
				IPHONEOS_DEPLOYMENT_TARGET = 8.1;
				LD_RUNPATH_SEARCH_PATHS = "$(inherited) @executable_path/Frameworks";
				PRODUCT_BUNDLE_IDENTIFIER = "Esme-Romero";
				PRODUCT_NAME = "$(TARGET_NAME)";
				PROVISIONING_PROFILE = "";
			};
			name = Debug;
		};
		741511911C4DC23D001218FA /* Release */ = {
			isa = XCBuildConfiguration;
			buildSettings = {
				ASSETCATALOG_COMPILER_APPICON_NAME = AppIcon;
				CODE_SIGN_IDENTITY = "iPhone Developer";
				"CODE_SIGN_IDENTITY[sdk=iphoneos*]" = "iPhone Developer";
				INFOPLIST_FILE = flicks/Info.plist;
				IPHONEOS_DEPLOYMENT_TARGET = 8.1;
				LD_RUNPATH_SEARCH_PATHS = "$(inherited) @executable_path/Frameworks";
				PRODUCT_BUNDLE_IDENTIFIER = "Esme-Romero";
				PRODUCT_NAME = "$(TARGET_NAME)";
				PROVISIONING_PROFILE = "";
			};
			name = Release;
		};
/* End XCBuildConfiguration section */

/* Begin XCConfigurationList section */
		741511781C4DC23C001218FA /* Build configuration list for PBXProject "flicks" */ = {
			isa = XCConfigurationList;
			buildConfigurations = (
				7415118D1C4DC23D001218FA /* Debug */,
				7415118E1C4DC23D001218FA /* Release */,
			);
			defaultConfigurationIsVisible = 0;
			defaultConfigurationName = Release;
		};
		7415118F1C4DC23D001218FA /* Build configuration list for PBXNativeTarget "flicks" */ = {
			isa = XCConfigurationList;
			buildConfigurations = (
				741511901C4DC23D001218FA /* Debug */,
				741511911C4DC23D001218FA /* Release */,
			);
			defaultConfigurationIsVisible = 0;
		};
/* End XCConfigurationList section */
	};
	rootObject = 741511751C4DC23C001218FA /* Project object */;
}
